// !$*UTF8*$!
{
	archiveVersion = 1;
	classes = {
	};
	objectVersion = 50;
	objects = {

/* Begin PBXBuildFile section */
		28EEA25B264AD2CE0059E99D /* AppDelegate.swift in Sources */ = {isa = PBXBuildFile; fileRef = 28EEA25A264AD2CE0059E99D /* AppDelegate.swift */; };
		28EEA25D264AD2CE0059E99D /* SceneDelegate.swift in Sources */ = {isa = PBXBuildFile; fileRef = 28EEA25C264AD2CE0059E99D /* SceneDelegate.swift */; };
		28EEA25F264AD2CE0059E99D /* ViewController.swift in Sources */ = {isa = PBXBuildFile; fileRef = 28EEA25E264AD2CE0059E99D /* ViewController.swift */; };
		28EEA262264AD2CE0059E99D /* Main.storyboard in Resources */ = {isa = PBXBuildFile; fileRef = 28EEA260264AD2CE0059E99D /* Main.storyboard */; };
		28EEA264264AD2D00059E99D /* Assets.xcassets in Resources */ = {isa = PBXBuildFile; fileRef = 28EEA263264AD2D00059E99D /* Assets.xcassets */; };
		28EEA267264AD2D00059E99D /* LaunchScreen.storyboard in Resources */ = {isa = PBXBuildFile; fileRef = 28EEA265264AD2D00059E99D /* LaunchScreen.storyboard */; };
		28EEA272264AD5FC0059E99D /* StartScreenController.swift in Sources */ = {isa = PBXBuildFile; fileRef = 28EEA271264AD5FC0059E99D /* StartScreenController.swift */; };
		28EEA274264AD67F0059E99D /* PortfolioController.swift in Sources */ = {isa = PBXBuildFile; fileRef = 28EEA273264AD67F0059E99D /* PortfolioController.swift */; };
		28EEA276264AD6BF0059E99D /* TransactionsController.swift in Sources */ = {isa = PBXBuildFile; fileRef = 28EEA275264AD6BF0059E99D /* TransactionsController.swift */; };
		28EEA278264AD6E30059E99D /* SettingsController.swift in Sources */ = {isa = PBXBuildFile; fileRef = 28EEA277264AD6E30059E99D /* SettingsController.swift */; };
/* End PBXBuildFile section */

/* Begin PBXFileReference section */
		28EEA257264AD2CE0059E99D /* moneyTracker.app */ = {isa = PBXFileReference; explicitFileType = wrapper.application; includeInIndex = 0; path = moneyTracker.app; sourceTree = BUILT_PRODUCTS_DIR; };
		28EEA25A264AD2CE0059E99D /* AppDelegate.swift */ = {isa = PBXFileReference; lastKnownFileType = sourcecode.swift; path = AppDelegate.swift; sourceTree = "<group>"; };
		28EEA25C264AD2CE0059E99D /* SceneDelegate.swift */ = {isa = PBXFileReference; lastKnownFileType = sourcecode.swift; path = SceneDelegate.swift; sourceTree = "<group>"; };
		28EEA25E264AD2CE0059E99D /* ViewController.swift */ = {isa = PBXFileReference; lastKnownFileType = sourcecode.swift; path = ViewController.swift; sourceTree = "<group>"; };
		28EEA261264AD2CE0059E99D /* Base */ = {isa = PBXFileReference; lastKnownFileType = file.storyboard; name = Base; path = Base.lproj/Main.storyboard; sourceTree = "<group>"; };
		28EEA263264AD2D00059E99D /* Assets.xcassets */ = {isa = PBXFileReference; lastKnownFileType = folder.assetcatalog; path = Assets.xcassets; sourceTree = "<group>"; };
		28EEA266264AD2D00059E99D /* Base */ = {isa = PBXFileReference; lastKnownFileType = file.storyboard; name = Base; path = Base.lproj/LaunchScreen.storyboard; sourceTree = "<group>"; };
		28EEA268264AD2D00059E99D /* Info.plist */ = {isa = PBXFileReference; lastKnownFileType = text.plist.xml; path = Info.plist; sourceTree = "<group>"; };
		28EEA271264AD5FC0059E99D /* StartScreenController.swift */ = {isa = PBXFileReference; lastKnownFileType = sourcecode.swift; path = StartScreenController.swift; sourceTree = "<group>"; };
		28EEA273264AD67F0059E99D /* PortfolioController.swift */ = {isa = PBXFileReference; lastKnownFileType = sourcecode.swift; path = PortfolioController.swift; sourceTree = "<group>"; };
		28EEA275264AD6BF0059E99D /* TransactionsController.swift */ = {isa = PBXFileReference; lastKnownFileType = sourcecode.swift; path = TransactionsController.swift; sourceTree = "<group>"; };
		28EEA277264AD6E30059E99D /* SettingsController.swift */ = {isa = PBXFileReference; lastKnownFileType = sourcecode.swift; path = SettingsController.swift; sourceTree = "<group>"; };
/* End PBXFileReference section */

/* Begin PBXFrameworksBuildPhase section */
		28EEA254264AD2CE0059E99D /* Frameworks */ = {
			isa = PBXFrameworksBuildPhase;
			buildActionMask = 2147483647;
			files = (
			);
			runOnlyForDeploymentPostprocessing = 0;
		};
/* End PBXFrameworksBuildPhase section */

/* Begin PBXGroup section */
		28EEA24E264AD2CE0059E99D = {
			isa = PBXGroup;
			children = (
				28EEA259264AD2CE0059E99D /* moneyTracker */,
				28EEA258264AD2CE0059E99D /* Products */,
			);
			sourceTree = "<group>";
		};
		28EEA258264AD2CE0059E99D /* Products */ = {
			isa = PBXGroup;
			children = (
				28EEA257264AD2CE0059E99D /* moneyTracker.app */,
			);
			name = Products;
			sourceTree = "<group>";
		};
		28EEA259264AD2CE0059E99D /* moneyTracker */ = {
			isa = PBXGroup;
			children = (
				28EEA270264AD42F0059E99D /* Controller */,
				28EEA26F264AD4280059E99D /* Model */,
				28EEA26E264AD4220059E99D /* View */,
				28EEA25A264AD2CE0059E99D /* AppDelegate.swift */,
				28EEA25C264AD2CE0059E99D /* SceneDelegate.swift */,
				28EEA263264AD2D00059E99D /* Assets.xcassets */,
				28EEA265264AD2D00059E99D /* LaunchScreen.storyboard */,
				28EEA268264AD2D00059E99D /* Info.plist */,
			);
			path = moneyTracker;
			sourceTree = "<group>";
		};
		28EEA26E264AD4220059E99D /* View */ = {
			isa = PBXGroup;
			children = (
				28EEA260264AD2CE0059E99D /* Main.storyboard */,
			);
			path = View;
			sourceTree = "<group>";
		};
		28EEA26F264AD4280059E99D /* Model */ = {
			isa = PBXGroup;
			children = (
			);
			path = Model;
			sourceTree = "<group>";
		};
		28EEA270264AD42F0059E99D /* Controller */ = {
			isa = PBXGroup;
			children = (
				28EEA25E264AD2CE0059E99D /* ViewController.swift */,
				28EEA271264AD5FC0059E99D /* StartScreenController.swift */,
				28EEA273264AD67F0059E99D /* PortfolioController.swift */,
				28EEA275264AD6BF0059E99D /* TransactionsController.swift */,
				28EEA277264AD6E30059E99D /* SettingsController.swift */,
			);
			path = Controller;
			sourceTree = "<group>";
		};
/* End PBXGroup section */

/* Begin PBXNativeTarget section */
		28EEA256264AD2CE0059E99D /* moneyTracker */ = {
			isa = PBXNativeTarget;
			buildConfigurationList = 28EEA26B264AD2D00059E99D /* Build configuration list for PBXNativeTarget "moneyTracker" */;
			buildPhases = (
				28EEA253264AD2CE0059E99D /* Sources */,
				28EEA254264AD2CE0059E99D /* Frameworks */,
				28EEA255264AD2CE0059E99D /* Resources */,
			);
			buildRules = (
			);
			dependencies = (
			);
			name = moneyTracker;
			productName = moneyTracker;
			productReference = 28EEA257264AD2CE0059E99D /* moneyTracker.app */;
			productType = "com.apple.product-type.application";
		};
/* End PBXNativeTarget section */

/* Begin PBXProject section */
		28EEA24F264AD2CE0059E99D /* Project object */ = {
			isa = PBXProject;
			attributes = {
				LastSwiftUpdateCheck = 1250;
				LastUpgradeCheck = 1250;
				TargetAttributes = {
					28EEA256264AD2CE0059E99D = {
						CreatedOnToolsVersion = 12.5;
					};
				};
			};
			buildConfigurationList = 28EEA252264AD2CE0059E99D /* Build configuration list for PBXProject "moneyTracker" */;
			compatibilityVersion = "Xcode 9.3";
			developmentRegion = en;
			hasScannedForEncodings = 0;
			knownRegions = (
				en,
				Base,
			);
			mainGroup = 28EEA24E264AD2CE0059E99D;
			productRefGroup = 28EEA258264AD2CE0059E99D /* Products */;
			projectDirPath = "";
			projectRoot = "";
			targets = (
				28EEA256264AD2CE0059E99D /* moneyTracker */,
			);
		};
/* End PBXProject section */

/* Begin PBXResourcesBuildPhase section */
		28EEA255264AD2CE0059E99D /* Resources */ = {
			isa = PBXResourcesBuildPhase;
			buildActionMask = 2147483647;
			files = (
				28EEA267264AD2D00059E99D /* LaunchScreen.storyboard in Resources */,
				28EEA264264AD2D00059E99D /* Assets.xcassets in Resources */,
				28EEA262264AD2CE0059E99D /* Main.storyboard in Resources */,
			);
			runOnlyForDeploymentPostprocessing = 0;
		};
/* End PBXResourcesBuildPhase section */

/* Begin PBXSourcesBuildPhase section */
		28EEA253264AD2CE0059E99D /* Sources */ = {
			isa = PBXSourcesBuildPhase;
			buildActionMask = 2147483647;
			files = (
				28EEA276264AD6BF0059E99D /* TransactionsController.swift in Sources */,
				28EEA272264AD5FC0059E99D /* StartScreenController.swift in Sources */,
				28EEA274264AD67F0059E99D /* PortfolioController.swift in Sources */,
				28EEA278264AD6E30059E99D /* SettingsController.swift in Sources */,
				28EEA25F264AD2CE0059E99D /* ViewController.swift in Sources */,
				28EEA25B264AD2CE0059E99D /* AppDelegate.swift in Sources */,
				28EEA25D264AD2CE0059E99D /* SceneDelegate.swift in Sources */,
			);
			runOnlyForDeploymentPostprocessing = 0;
		};
/* End PBXSourcesBuildPhase section */

/* Begin PBXVariantGroup section */
		28EEA260264AD2CE0059E99D /* Main.storyboard */ = {
			isa = PBXVariantGroup;
			children = (
				28EEA261264AD2CE0059E99D /* Base */,
			);
			name = Main.storyboard;
			sourceTree = "<group>";
		};
		28EEA265264AD2D00059E99D /* LaunchScreen.storyboard */ = {
			isa = PBXVariantGroup;
			children = (
				28EEA266264AD2D00059E99D /* Base */,
			);
			name = LaunchScreen.storyboard;
			sourceTree = "<group>";
		};
/* End PBXVariantGroup section */

/* Begin XCBuildConfiguration section */
		28EEA269264AD2D00059E99D /* Debug */ = {
			isa = XCBuildConfiguration;
			buildSettings = {
				ALWAYS_SEARCH_USER_PATHS = NO;
				CLANG_ANALYZER_NONNULL = YES;
				CLANG_ANALYZER_NUMBER_OBJECT_CONVERSION = YES_AGGRESSIVE;
				CLANG_CXX_LANGUAGE_STANDARD = "gnu++14";
				CLANG_CXX_LIBRARY = "libc++";
				CLANG_ENABLE_MODULES = YES;
				CLANG_ENABLE_OBJC_ARC = YES;
				CLANG_ENABLE_OBJC_WEAK = YES;
				CLANG_WARN_BLOCK_CAPTURE_AUTORELEASING = YES;
				CLANG_WARN_BOOL_CONVERSION = YES;
				CLANG_WARN_COMMA = YES;
				CLANG_WARN_CONSTANT_CONVERSION = YES;
				CLANG_WARN_DEPRECATED_OBJC_IMPLEMENTATIONS = YES;
				CLANG_WARN_DIRECT_OBJC_ISA_USAGE = YES_ERROR;
				CLANG_WARN_DOCUMENTATION_COMMENTS = YES;
				CLANG_WARN_EMPTY_BODY = YES;
				CLANG_WARN_ENUM_CONVERSION = YES;
				CLANG_WARN_INFINITE_RECURSION = YES;
				CLANG_WARN_INT_CONVERSION = YES;
				CLANG_WARN_NON_LITERAL_NULL_CONVERSION = YES;
				CLANG_WARN_OBJC_IMPLICIT_RETAIN_SELF = YES;
				CLANG_WARN_OBJC_LITERAL_CONVERSION = YES;
				CLANG_WARN_OBJC_ROOT_CLASS = YES_ERROR;
				CLANG_WARN_QUOTED_INCLUDE_IN_FRAMEWORK_HEADER = YES;
				CLANG_WARN_RANGE_LOOP_ANALYSIS = YES;
				CLANG_WARN_STRICT_PROTOTYPES = YES;
				CLANG_WARN_SUSPICIOUS_MOVE = YES;
				CLANG_WARN_UNGUARDED_AVAILABILITY = YES_AGGRESSIVE;
				CLANG_WARN_UNREACHABLE_CODE = YES;
				CLANG_WARN__DUPLICATE_METHOD_MATCH = YES;
				COPY_PHASE_STRIP = NO;
				DEBUG_INFORMATION_FORMAT = dwarf;
				ENABLE_STRICT_OBJC_MSGSEND = YES;
				ENABLE_TESTABILITY = YES;
				GCC_C_LANGUAGE_STANDARD = gnu11;
				GCC_DYNAMIC_NO_PIC = NO;
				GCC_NO_COMMON_BLOCKS = YES;
				GCC_OPTIMIZATION_LEVEL = 0;
				GCC_PREPROCESSOR_DEFINITIONS = (
					"DEBUG=1",
					"$(inherited)",
				);
				GCC_WARN_64_TO_32_BIT_CONVERSION = YES;
				GCC_WARN_ABOUT_RETURN_TYPE = YES_ERROR;
				GCC_WARN_UNDECLARED_SELECTOR = YES;
				GCC_WARN_UNINITIALIZED_AUTOS = YES_AGGRESSIVE;
				GCC_WARN_UNUSED_FUNCTION = YES;
				GCC_WARN_UNUSED_VARIABLE = YES;
				IPHONEOS_DEPLOYMENT_TARGET = 14.5;
				MTL_ENABLE_DEBUG_INFO = INCLUDE_SOURCE;
				MTL_FAST_MATH = YES;
				ONLY_ACTIVE_ARCH = YES;
				SDKROOT = iphoneos;
				SWIFT_ACTIVE_COMPILATION_CONDITIONS = DEBUG;
				SWIFT_OPTIMIZATION_LEVEL = "-Onone";
			};
			name = Debug;
		};
		28EEA26A264AD2D00059E99D /* Release */ = {
			isa = XCBuildConfiguration;
			buildSettings = {
				ALWAYS_SEARCH_USER_PATHS = NO;
				CLANG_ANALYZER_NONNULL = YES;
				CLANG_ANALYZER_NUMBER_OBJECT_CONVERSION = YES_AGGRESSIVE;
				CLANG_CXX_LANGUAGE_STANDARD = "gnu++14";
				CLANG_CXX_LIBRARY = "libc++";
				CLANG_ENABLE_MODULES = YES;
				CLANG_ENABLE_OBJC_ARC = YES;
				CLANG_ENABLE_OBJC_WEAK = YES;
				CLANG_WARN_BLOCK_CAPTURE_AUTORELEASING = YES;
				CLANG_WARN_BOOL_CONVERSION = YES;
				CLANG_WARN_COMMA = YES;
				CLANG_WARN_CONSTANT_CONVERSION = YES;
				CLANG_WARN_DEPRECATED_OBJC_IMPLEMENTATIONS = YES;
				CLANG_WARN_DIRECT_OBJC_ISA_USAGE = YES_ERROR;
				CLANG_WARN_DOCUMENTATION_COMMENTS = YES;
				CLANG_WARN_EMPTY_BODY = YES;
				CLANG_WARN_ENUM_CONVERSION = YES;
				CLANG_WARN_INFINITE_RECURSION = YES;
				CLANG_WARN_INT_CONVERSION = YES;
				CLANG_WARN_NON_LITERAL_NULL_CONVERSION = YES;
				CLANG_WARN_OBJC_IMPLICIT_RETAIN_SELF = YES;
				CLANG_WARN_OBJC_LITERAL_CONVERSION = YES;
				CLANG_WARN_OBJC_ROOT_CLASS = YES_ERROR;
				CLANG_WARN_QUOTED_INCLUDE_IN_FRAMEWORK_HEADER = YES;
				CLANG_WARN_RANGE_LOOP_ANALYSIS = YES;
				CLANG_WARN_STRICT_PROTOTYPES = YES;
				CLANG_WARN_SUSPICIOUS_MOVE = YES;
				CLANG_WARN_UNGUARDED_AVAILABILITY = YES_AGGRESSIVE;
				CLANG_WARN_UNREACHABLE_CODE = YES;
				CLANG_WARN__DUPLICATE_METHOD_MATCH = YES;
				COPY_PHASE_STRIP = NO;
				DEBUG_INFORMATION_FORMAT = "dwarf-with-dsym";
				ENABLE_NS_ASSERTIONS = NO;
				ENABLE_STRICT_OBJC_MSGSEND = YES;
				GCC_C_LANGUAGE_STANDARD = gnu11;
				GCC_NO_COMMON_BLOCKS = YES;
				GCC_WARN_64_TO_32_BIT_CONVERSION = YES;
				GCC_WARN_ABOUT_RETURN_TYPE = YES_ERROR;
				GCC_WARN_UNDECLARED_SELECTOR = YES;
				GCC_WARN_UNINITIALIZED_AUTOS = YES_AGGRESSIVE;
				GCC_WARN_UNUSED_FUNCTION = YES;
				GCC_WARN_UNUSED_VARIABLE = YES;
				IPHONEOS_DEPLOYMENT_TARGET = 14.5;
				MTL_ENABLE_DEBUG_INFO = NO;
				MTL_FAST_MATH = YES;
				SDKROOT = iphoneos;
				SWIFT_COMPILATION_MODE = wholemodule;
				SWIFT_OPTIMIZATION_LEVEL = "-O";
				VALIDATE_PRODUCT = YES;
			};
			name = Release;
		};
		28EEA26C264AD2D00059E99D /* Debug */ = {
			isa = XCBuildConfiguration;
			buildSettings = {
				ASSETCATALOG_COMPILER_APPICON_NAME = AppIcon;
				ASSETCATALOG_COMPILER_GLOBAL_ACCENT_COLOR_NAME = AccentColor;
				CODE_SIGN_STYLE = Automatic;
				DEVELOPMENT_TEAM = GF46H2PUK9;
				INFOPLIST_FILE = moneyTracker/Info.plist;
				LD_RUNPATH_SEARCH_PATHS = (
					"$(inherited)",
					"@executable_path/Frameworks",
				);
				PRODUCT_BUNDLE_IDENTIFIER = com.vudanganh.moneyTracker;
				PRODUCT_NAME = "$(TARGET_NAME)";
				SWIFT_VERSION = 5.0;
				TARGETED_DEVICE_FAMILY = "1,2";
			};
			name = Debug;
		};
		28EEA26D264AD2D00059E99D /* Release */ = {
			isa = XCBuildConfiguration;
			buildSettings = {
				ASSETCATALOG_COMPILER_APPICON_NAME = AppIcon;
				ASSETCATALOG_COMPILER_GLOBAL_ACCENT_COLOR_NAME = AccentColor;
				CODE_SIGN_STYLE = Automatic;
				DEVELOPMENT_TEAM = GF46H2PUK9;
				INFOPLIST_FILE = moneyTracker/Info.plist;
				LD_RUNPATH_SEARCH_PATHS = (
					"$(inherited)",
					"@executable_path/Frameworks",
				);
				PRODUCT_BUNDLE_IDENTIFIER = com.vudanganh.moneyTracker;
				PRODUCT_NAME = "$(TARGET_NAME)";
				SWIFT_VERSION = 5.0;
				TARGETED_DEVICE_FAMILY = "1,2";
			};
			name = Release;
		};
/* End XCBuildConfiguration section */

/* Begin XCConfigurationList section */
		28EEA252264AD2CE0059E99D /* Build configuration list for PBXProject "moneyTracker" */ = {
			isa = XCConfigurationList;
			buildConfigurations = (
				28EEA269264AD2D00059E99D /* Debug */,
				28EEA26A264AD2D00059E99D /* Release */,
			);
			defaultConfigurationIsVisible = 0;
			defaultConfigurationName = Release;
		};
		28EEA26B264AD2D00059E99D /* Build configuration list for PBXNativeTarget "moneyTracker" */ = {
			isa = XCConfigurationList;
			buildConfigurations = (
				28EEA26C264AD2D00059E99D /* Debug */,
				28EEA26D264AD2D00059E99D /* Release */,
			);
			defaultConfigurationIsVisible = 0;
			defaultConfigurationName = Release;
		};
/* End XCConfigurationList section */
	};
	rootObject = 28EEA24F264AD2CE0059E99D /* Project object */;
}
